{
  "pins" : [
    {
      "identity" : "swiftuix",
      "kind" : "remoteSourceControl",
      "location" : "https://github.com/SwiftUIX/SwiftUIX",
      "state" : {
        "branch" : "master",
        "revision" : "a334240fe264084eff8f34fa8ff7dde61d6c418c"
      }
    },
    {
      "identity" : "viewstore",
      "kind" : "remoteSourceControl",
      "location" : "https://github.com/hartlco/ViewStore",
      "state" : {
        "branch" : "main",
        "revision" : "b2f1725800bb015952d7ddbb90ba26547de6cd32"
      }
    }
  ],
  "version" : 2
}
