// !$*UTF8*$!
{
	archiveVersion = 1;
	classes = {
	};
	objectVersion = 55;
	objects = {

/* Begin PBXBuildFile section */
		C53C34D627E06FF000D46709 /* FileInserter.swift in Sources */ = {isa = PBXBuildFile; fileRef = C53C34D527E06FF000D46709 /* FileInserter.swift */; };
		C53C34D727E06FF000D46709 /* FileInserter.swift in Sources */ = {isa = PBXBuildFile; fileRef = C53C34D527E06FF000D46709 /* FileInserter.swift */; };
		C53DA1FC27BF88A000D86A71 /* Category.swift in Sources */ = {isa = PBXBuildFile; fileRef = C53DA1FB27BF88A000D86A71 /* Category.swift */; };
		C53DA1FD27BF88A000D86A71 /* Category.swift in Sources */ = {isa = PBXBuildFile; fileRef = C53DA1FB27BF88A000D86A71 /* Category.swift */; };
		C53DA20327BF898700D86A71 /* InitialContentView.swift in Sources */ = {isa = PBXBuildFile; fileRef = C53DA20227BF898700D86A71 /* InitialContentView.swift */; };
		C53DA20427BF898700D86A71 /* InitialContentView.swift in Sources */ = {isa = PBXBuildFile; fileRef = C53DA20227BF898700D86A71 /* InitialContentView.swift */; };
		C53DA20627BF8A5000D86A71 /* SidebarView.swift in Sources */ = {isa = PBXBuildFile; fileRef = C53DA20527BF8A5000D86A71 /* SidebarView.swift */; };
		C53DA20727BF8A5000D86A71 /* SidebarView.swift in Sources */ = {isa = PBXBuildFile; fileRef = C53DA20527BF8A5000D86A71 /* SidebarView.swift */; };
		C53DA20927BF97A800D86A71 /* CategoriesView.swift in Sources */ = {isa = PBXBuildFile; fileRef = C53DA20827BF97A800D86A71 /* CategoriesView.swift */; };
		C53DA20A27BF97A800D86A71 /* CategoriesView.swift in Sources */ = {isa = PBXBuildFile; fileRef = C53DA20827BF97A800D86A71 /* CategoriesView.swift */; };
		C53DA21927BFCE1600D86A71 /* SwiftUIX in Frameworks */ = {isa = PBXBuildFile; productRef = C53DA21827BFCE1600D86A71 /* SwiftUIX */; };
		C53DA21C27BFCEB300D86A71 /* SwiftUIX in Frameworks */ = {isa = PBXBuildFile; productRef = C53DA21B27BFCEB300D86A71 /* SwiftUIX */; };
		C54CFF7027C0C704009050B9 /* ViewStore in Frameworks */ = {isa = PBXBuildFile; productRef = C54CFF6F27C0C704009050B9 /* ViewStore */; };
		C54CFF7227C0C723009050B9 /* ViewStore in Frameworks */ = {isa = PBXBuildFile; productRef = C54CFF7127C0C723009050B9 /* ViewStore */; };
		C54CFF7727C0C929009050B9 /* Color.swift in Sources */ = {isa = PBXBuildFile; fileRef = C54CFF7627C0C929009050B9 /* Color.swift */; };
		C54CFF7827C0C929009050B9 /* Color.swift in Sources */ = {isa = PBXBuildFile; fileRef = C54CFF7627C0C929009050B9 /* Color.swift */; };
		C54CFF7A27C0CA5C009050B9 /* ColorStore.swift in Sources */ = {isa = PBXBuildFile; fileRef = C54CFF7927C0CA5C009050B9 /* ColorStore.swift */; };
		C54CFF7B27C0CA5C009050B9 /* ColorStore.swift in Sources */ = {isa = PBXBuildFile; fileRef = C54CFF7927C0CA5C009050B9 /* ColorStore.swift */; };
		C54CFF7D27C0D629009050B9 /* CategoryColorViewStore.swift in Sources */ = {isa = PBXBuildFile; fileRef = C54CFF7C27C0D629009050B9 /* CategoryColorViewStore.swift */; };
		C54CFF7E27C0D629009050B9 /* CategoryColorViewStore.swift in Sources */ = {isa = PBXBuildFile; fileRef = C54CFF7C27C0D629009050B9 /* CategoryColorViewStore.swift */; };
		C579024C27BB8C5D00B4AEAE /* DETimeLogApp.swift in Sources */ = {isa = PBXBuildFile; fileRef = C579023C27BB8C5B00B4AEAE /* DETimeLogApp.swift */; };
		C579024D27BB8C5D00B4AEAE /* DETimeLogApp.swift in Sources */ = {isa = PBXBuildFile; fileRef = C579023C27BB8C5B00B4AEAE /* DETimeLogApp.swift */; };
		C579024E27BB8C5D00B4AEAE /* ContentView.swift in Sources */ = {isa = PBXBuildFile; fileRef = C579023D27BB8C5B00B4AEAE /* ContentView.swift */; };
		C579024F27BB8C5D00B4AEAE /* ContentView.swift in Sources */ = {isa = PBXBuildFile; fileRef = C579023D27BB8C5B00B4AEAE /* ContentView.swift */; };
		C579025027BB8C5D00B4AEAE /* Assets.xcassets in Resources */ = {isa = PBXBuildFile; fileRef = C579023E27BB8C5D00B4AEAE /* Assets.xcassets */; };
		C579025127BB8C5D00B4AEAE /* Assets.xcassets in Resources */ = {isa = PBXBuildFile; fileRef = C579023E27BB8C5D00B4AEAE /* Assets.xcassets */; };
		C579025B27BB8CA900B4AEAE /* EntryStore.swift in Sources */ = {isa = PBXBuildFile; fileRef = C579025A27BB8CA900B4AEAE /* EntryStore.swift */; };
		C579025C27BB8CA900B4AEAE /* EntryStore.swift in Sources */ = {isa = PBXBuildFile; fileRef = C579025A27BB8CA900B4AEAE /* EntryStore.swift */; };
		C579026027BB8CCC00B4AEAE /* Entry.swift in Sources */ = {isa = PBXBuildFile; fileRef = C579025F27BB8CCC00B4AEAE /* Entry.swift */; };
		C579026127BB8CCC00B4AEAE /* Entry.swift in Sources */ = {isa = PBXBuildFile; fileRef = C579025F27BB8CCC00B4AEAE /* Entry.swift */; };
		C579026327BB8CFA00B4AEAE /* FileParser.swift in Sources */ = {isa = PBXBuildFile; fileRef = C579026227BB8CFA00B4AEAE /* FileParser.swift */; };
		C579026427BB8CFA00B4AEAE /* FileParser.swift in Sources */ = {isa = PBXBuildFile; fileRef = C579026227BB8CFA00B4AEAE /* FileParser.swift */; };
		C586056427DC799F0020E72B /* Month.swift in Sources */ = {isa = PBXBuildFile; fileRef = C586056327DC799F0020E72B /* Month.swift */; };
		C586056527DC799F0020E72B /* Month.swift in Sources */ = {isa = PBXBuildFile; fileRef = C586056327DC799F0020E72B /* Month.swift */; };
		C5A1CF3C27C3742600359C6C /* Day.swift in Sources */ = {isa = PBXBuildFile; fileRef = C5A1CF3B27C3742600359C6C /* Day.swift */; };
		C5A1CF3D27C3742600359C6C /* Day.swift in Sources */ = {isa = PBXBuildFile; fileRef = C5A1CF3B27C3742600359C6C /* Day.swift */; };
		C5B797B827CCAA96000A1C7C /* EntriesListView.swift in Sources */ = {isa = PBXBuildFile; fileRef = C5B797B727CCAA96000A1C7C /* EntriesListView.swift */; };
		C5B797B927CCAA96000A1C7C /* EntriesListView.swift in Sources */ = {isa = PBXBuildFile; fileRef = C5B797B727CCAA96000A1C7C /* EntriesListView.swift */; };
		C5B797BB27CCACE5000A1C7C /* EntriesListDetailsView.swift in Sources */ = {isa = PBXBuildFile; fileRef = C5B797BA27CCACE5000A1C7C /* EntriesListDetailsView.swift */; };
		C5B797BC27CCACE5000A1C7C /* EntriesListDetailsView.swift in Sources */ = {isa = PBXBuildFile; fileRef = C5B797BA27CCACE5000A1C7C /* EntriesListDetailsView.swift */; };
		C5B9BF9A27E30D1500A67743 /* AddEntryView.swift in Sources */ = {isa = PBXBuildFile; fileRef = C5B9BF9927E30D1500A67743 /* AddEntryView.swift */; };
		C5B9BF9B27E30D1500A67743 /* AddEntryView.swift in Sources */ = {isa = PBXBuildFile; fileRef = C5B9BF9927E30D1500A67743 /* AddEntryView.swift */; };
		C5B9BF9D27E30DCA00A67743 /* AddEntryStore.swift in Sources */ = {isa = PBXBuildFile; fileRef = C5B9BF9C27E30DCA00A67743 /* AddEntryStore.swift */; };
		C5B9BF9E27E30DCA00A67743 /* AddEntryStore.swift in Sources */ = {isa = PBXBuildFile; fileRef = C5B9BF9C27E30DCA00A67743 /* AddEntryStore.swift */; };
		C5F57B0F27BE30CC008F3264 /* AppStore.swift in Sources */ = {isa = PBXBuildFile; fileRef = C5F57B0E27BE30CC008F3264 /* AppStore.swift */; };
		C5F57B1027BE30CC008F3264 /* AppStore.swift in Sources */ = {isa = PBXBuildFile; fileRef = C5F57B0E27BE30CC008F3264 /* AppStore.swift */; };
/* End PBXBuildFile section */

/* Begin PBXFileReference section */
		C53C34D527E06FF000D46709 /* FileInserter.swift */ = {isa = PBXFileReference; lastKnownFileType = sourcecode.swift; path = FileInserter.swift; sourceTree = "<group>"; };
		C53DA1FB27BF88A000D86A71 /* Category.swift */ = {isa = PBXFileReference; lastKnownFileType = sourcecode.swift; path = Category.swift; sourceTree = "<group>"; };
		C53DA20227BF898700D86A71 /* InitialContentView.swift */ = {isa = PBXFileReference; lastKnownFileType = sourcecode.swift; path = InitialContentView.swift; sourceTree = "<group>"; };
		C53DA20527BF8A5000D86A71 /* SidebarView.swift */ = {isa = PBXFileReference; lastKnownFileType = sourcecode.swift; path = SidebarView.swift; sourceTree = "<group>"; };
		C53DA20827BF97A800D86A71 /* CategoriesView.swift */ = {isa = PBXFileReference; lastKnownFileType = sourcecode.swift; path = CategoriesView.swift; sourceTree = "<group>"; };
		C54CFF7627C0C929009050B9 /* Color.swift */ = {isa = PBXFileReference; lastKnownFileType = sourcecode.swift; path = Color.swift; sourceTree = "<group>"; };
		C54CFF7927C0CA5C009050B9 /* ColorStore.swift */ = {isa = PBXFileReference; lastKnownFileType = sourcecode.swift; path = ColorStore.swift; sourceTree = "<group>"; };
		C54CFF7C27C0D629009050B9 /* CategoryColorViewStore.swift */ = {isa = PBXFileReference; lastKnownFileType = sourcecode.swift; path = CategoryColorViewStore.swift; sourceTree = "<group>"; };
		C579023C27BB8C5B00B4AEAE /* DETimeLogApp.swift */ = {isa = PBXFileReference; lastKnownFileType = sourcecode.swift; path = DETimeLogApp.swift; sourceTree = "<group>"; };
		C579023D27BB8C5B00B4AEAE /* ContentView.swift */ = {isa = PBXFileReference; lastKnownFileType = sourcecode.swift; path = ContentView.swift; sourceTree = "<group>"; };
		C579023E27BB8C5D00B4AEAE /* Assets.xcassets */ = {isa = PBXFileReference; lastKnownFileType = folder.assetcatalog; path = Assets.xcassets; sourceTree = "<group>"; };
		C579024327BB8C5D00B4AEAE /* DETimeLog.app */ = {isa = PBXFileReference; explicitFileType = wrapper.application; includeInIndex = 0; path = DETimeLog.app; sourceTree = BUILT_PRODUCTS_DIR; };
		C579024927BB8C5D00B4AEAE /* DETimeLog.app */ = {isa = PBXFileReference; explicitFileType = wrapper.application; includeInIndex = 0; path = DETimeLog.app; sourceTree = BUILT_PRODUCTS_DIR; };
		C579024B27BB8C5D00B4AEAE /* macOS.entitlements */ = {isa = PBXFileReference; lastKnownFileType = text.plist.entitlements; path = macOS.entitlements; sourceTree = "<group>"; };
		C579025A27BB8CA900B4AEAE /* EntryStore.swift */ = {isa = PBXFileReference; lastKnownFileType = sourcecode.swift; path = EntryStore.swift; sourceTree = "<group>"; };
		C579025F27BB8CCC00B4AEAE /* Entry.swift */ = {isa = PBXFileReference; lastKnownFileType = sourcecode.swift; path = Entry.swift; sourceTree = "<group>"; };
		C579026227BB8CFA00B4AEAE /* FileParser.swift */ = {isa = PBXFileReference; lastKnownFileType = sourcecode.swift; path = FileParser.swift; sourceTree = "<group>"; };
		C586056327DC799F0020E72B /* Month.swift */ = {isa = PBXFileReference; lastKnownFileType = sourcecode.swift; path = Month.swift; sourceTree = "<group>"; };
		C5A1CF3B27C3742600359C6C /* Day.swift */ = {isa = PBXFileReference; lastKnownFileType = sourcecode.swift; path = Day.swift; sourceTree = "<group>"; };
		C5B797B727CCAA96000A1C7C /* EntriesListView.swift */ = {isa = PBXFileReference; lastKnownFileType = sourcecode.swift; path = EntriesListView.swift; sourceTree = "<group>"; };
		C5B797BA27CCACE5000A1C7C /* EntriesListDetailsView.swift */ = {isa = PBXFileReference; lastKnownFileType = sourcecode.swift; path = EntriesListDetailsView.swift; sourceTree = "<group>"; };
		C5B9BF9927E30D1500A67743 /* AddEntryView.swift */ = {isa = PBXFileReference; lastKnownFileType = sourcecode.swift; path = AddEntryView.swift; sourceTree = "<group>"; };
		C5B9BF9C27E30DCA00A67743 /* AddEntryStore.swift */ = {isa = PBXFileReference; lastKnownFileType = sourcecode.swift; path = AddEntryStore.swift; sourceTree = "<group>"; };
		C5F57B0E27BE30CC008F3264 /* AppStore.swift */ = {isa = PBXFileReference; lastKnownFileType = sourcecode.swift; path = AppStore.swift; sourceTree = "<group>"; };
/* End PBXFileReference section */

/* Begin PBXFrameworksBuildPhase section */
		C579024027BB8C5D00B4AEAE /* Frameworks */ = {
			isa = PBXFrameworksBuildPhase;
			buildActionMask = 2147483647;
			files = (
				C53DA21927BFCE1600D86A71 /* SwiftUIX in Frameworks */,
				C54CFF7027C0C704009050B9 /* ViewStore in Frameworks */,
			);
			runOnlyForDeploymentPostprocessing = 0;
		};
		C579024627BB8C5D00B4AEAE /* Frameworks */ = {
			isa = PBXFrameworksBuildPhase;
			buildActionMask = 2147483647;
			files = (
				C53DA21C27BFCEB300D86A71 /* SwiftUIX in Frameworks */,
				C54CFF7227C0C723009050B9 /* ViewStore in Frameworks */,
			);
			runOnlyForDeploymentPostprocessing = 0;
		};
/* End PBXFrameworksBuildPhase section */

/* Begin PBXGroup section */
		C53DA20127BF897900D86A71 /* Views */ = {
			isa = PBXGroup;
			children = (
				C53DA20227BF898700D86A71 /* InitialContentView.swift */,
				C53DA20527BF8A5000D86A71 /* SidebarView.swift */,
				C53DA20827BF97A800D86A71 /* CategoriesView.swift */,
				C5B797B727CCAA96000A1C7C /* EntriesListView.swift */,
				C5B797BA27CCACE5000A1C7C /* EntriesListDetailsView.swift */,
				C5B9BF9927E30D1500A67743 /* AddEntryView.swift */,
			);
			path = Views;
			sourceTree = "<group>";
		};
		C53DA21A27BFCEB300D86A71 /* Frameworks */ = {
			isa = PBXGroup;
			children = (
			);
			name = Frameworks;
			sourceTree = "<group>";
		};
		C579023627BB8C5B00B4AEAE = {
			isa = PBXGroup;
			children = (
				C579023B27BB8C5B00B4AEAE /* Shared */,
				C579024A27BB8C5D00B4AEAE /* macOS */,
				C579024427BB8C5D00B4AEAE /* Products */,
				C53DA21A27BFCEB300D86A71 /* Frameworks */,
			);
			sourceTree = "<group>";
		};
		C579023B27BB8C5B00B4AEAE /* Shared */ = {
			isa = PBXGroup;
			children = (
				C53DA20127BF897900D86A71 /* Views */,
				C579025E27BB8CB700B4AEAE /* Models */,
				C579025D27BB8CAD00B4AEAE /* Store */,
				C579023C27BB8C5B00B4AEAE /* DETimeLogApp.swift */,
				C579023D27BB8C5B00B4AEAE /* ContentView.swift */,
				C579023E27BB8C5D00B4AEAE /* Assets.xcassets */,
				C579026227BB8CFA00B4AEAE /* FileParser.swift */,
				C53C34D527E06FF000D46709 /* FileInserter.swift */,
			);
			path = Shared;
			sourceTree = "<group>";
		};
		C579024427BB8C5D00B4AEAE /* Products */ = {
			isa = PBXGroup;
			children = (
				C579024327BB8C5D00B4AEAE /* DETimeLog.app */,
				C579024927BB8C5D00B4AEAE /* DETimeLog.app */,
			);
			name = Products;
			sourceTree = "<group>";
		};
		C579024A27BB8C5D00B4AEAE /* macOS */ = {
			isa = PBXGroup;
			children = (
				C579024B27BB8C5D00B4AEAE /* macOS.entitlements */,
			);
			path = macOS;
			sourceTree = "<group>";
		};
		C579025D27BB8CAD00B4AEAE /* Store */ = {
			isa = PBXGroup;
			children = (
				C579025A27BB8CA900B4AEAE /* EntryStore.swift */,
				C5F57B0E27BE30CC008F3264 /* AppStore.swift */,
				C54CFF7927C0CA5C009050B9 /* ColorStore.swift */,
				C54CFF7C27C0D629009050B9 /* CategoryColorViewStore.swift */,
				C5B9BF9C27E30DCA00A67743 /* AddEntryStore.swift */,
			);
			path = Store;
			sourceTree = "<group>";
		};
		C579025E27BB8CB700B4AEAE /* Models */ = {
			isa = PBXGroup;
			children = (
				C579025F27BB8CCC00B4AEAE /* Entry.swift */,
				C53DA1FB27BF88A000D86A71 /* Category.swift */,
				C54CFF7627C0C929009050B9 /* Color.swift */,
				C5A1CF3B27C3742600359C6C /* Day.swift */,
				C586056327DC799F0020E72B /* Month.swift */,
			);
			path = Models;
			sourceTree = "<group>";
		};
/* End PBXGroup section */

/* Begin PBXNativeTarget section */
		C579024227BB8C5D00B4AEAE /* DETimeLog (iOS) */ = {
			isa = PBXNativeTarget;
			buildConfigurationList = C579025427BB8C5D00B4AEAE /* Build configuration list for PBXNativeTarget "DETimeLog (iOS)" */;
			buildPhases = (
				C579023F27BB8C5D00B4AEAE /* Sources */,
				C579024027BB8C5D00B4AEAE /* Frameworks */,
				C579024127BB8C5D00B4AEAE /* Resources */,
			);
			buildRules = (
			);
			dependencies = (
			);
			name = "DETimeLog (iOS)";
			packageProductDependencies = (
				C53DA21827BFCE1600D86A71 /* SwiftUIX */,
				C54CFF6F27C0C704009050B9 /* ViewStore */,
			);
			productName = "DETimeLog (iOS)";
			productReference = C579024327BB8C5D00B4AEAE /* DETimeLog.app */;
			productType = "com.apple.product-type.application";
		};
		C579024827BB8C5D00B4AEAE /* DETimeLog (macOS) */ = {
			isa = PBXNativeTarget;
			buildConfigurationList = C579025727BB8C5D00B4AEAE /* Build configuration list for PBXNativeTarget "DETimeLog (macOS)" */;
			buildPhases = (
				C579024527BB8C5D00B4AEAE /* Sources */,
				C579024627BB8C5D00B4AEAE /* Frameworks */,
				C579024727BB8C5D00B4AEAE /* Resources */,
			);
			buildRules = (
			);
			dependencies = (
			);
			name = "DETimeLog (macOS)";
			packageProductDependencies = (
				C53DA21B27BFCEB300D86A71 /* SwiftUIX */,
				C54CFF7127C0C723009050B9 /* ViewStore */,
			);
			productName = "DETimeLog (macOS)";
			productReference = C579024927BB8C5D00B4AEAE /* DETimeLog.app */;
			productType = "com.apple.product-type.application";
		};
/* End PBXNativeTarget section */

/* Begin PBXProject section */
		C579023727BB8C5B00B4AEAE /* Project object */ = {
			isa = PBXProject;
			attributes = {
				BuildIndependentTargetsInParallel = 1;
				LastSwiftUpdateCheck = 1330;
				LastUpgradeCheck = 1330;
				TargetAttributes = {
					C579024227BB8C5D00B4AEAE = {
						CreatedOnToolsVersion = 13.3;
					};
					C579024827BB8C5D00B4AEAE = {
						CreatedOnToolsVersion = 13.3;
					};
				};
			};
			buildConfigurationList = C579023A27BB8C5B00B4AEAE /* Build configuration list for PBXProject "DETimeLog" */;
			compatibilityVersion = "Xcode 13.0";
			developmentRegion = en;
			hasScannedForEncodings = 0;
			knownRegions = (
				en,
				Base,
			);
			mainGroup = C579023627BB8C5B00B4AEAE;
			packageReferences = (
				C53DA21727BFCE1600D86A71 /* XCRemoteSwiftPackageReference "SwiftUIX" */,
				C54CFF6E27C0C704009050B9 /* XCRemoteSwiftPackageReference "ViewStore" */,
			);
			productRefGroup = C579024427BB8C5D00B4AEAE /* Products */;
			projectDirPath = "";
			projectRoot = "";
			targets = (
				C579024227BB8C5D00B4AEAE /* DETimeLog (iOS) */,
				C579024827BB8C5D00B4AEAE /* DETimeLog (macOS) */,
			);
		};
/* End PBXProject section */

/* Begin PBXResourcesBuildPhase section */
		C579024127BB8C5D00B4AEAE /* Resources */ = {
			isa = PBXResourcesBuildPhase;
			buildActionMask = 2147483647;
			files = (
				C579025027BB8C5D00B4AEAE /* Assets.xcassets in Resources */,
			);
			runOnlyForDeploymentPostprocessing = 0;
		};
		C579024727BB8C5D00B4AEAE /* Resources */ = {
			isa = PBXResourcesBuildPhase;
			buildActionMask = 2147483647;
			files = (
				C579025127BB8C5D00B4AEAE /* Assets.xcassets in Resources */,
			);
			runOnlyForDeploymentPostprocessing = 0;
		};
/* End PBXResourcesBuildPhase section */

/* Begin PBXSourcesBuildPhase section */
		C579023F27BB8C5D00B4AEAE /* Sources */ = {
			isa = PBXSourcesBuildPhase;
			buildActionMask = 2147483647;
			files = (
				C5A1CF3C27C3742600359C6C /* Day.swift in Sources */,
				C579026027BB8CCC00B4AEAE /* Entry.swift in Sources */,
				C579026327BB8CFA00B4AEAE /* FileParser.swift in Sources */,
				C54CFF7D27C0D629009050B9 /* CategoryColorViewStore.swift in Sources */,
				C54CFF7A27C0CA5C009050B9 /* ColorStore.swift in Sources */,
				C586056427DC799F0020E72B /* Month.swift in Sources */,
				C579025B27BB8CA900B4AEAE /* EntryStore.swift in Sources */,
				C53DA20327BF898700D86A71 /* InitialContentView.swift in Sources */,
				C5B797B827CCAA96000A1C7C /* EntriesListView.swift in Sources */,
				C54CFF7727C0C929009050B9 /* Color.swift in Sources */,
				C5F57B0F27BE30CC008F3264 /* AppStore.swift in Sources */,
				C53DA20627BF8A5000D86A71 /* SidebarView.swift in Sources */,
				C579024E27BB8C5D00B4AEAE /* ContentView.swift in Sources */,
				C5B9BF9A27E30D1500A67743 /* AddEntryView.swift in Sources */,
				C5B9BF9D27E30DCA00A67743 /* AddEntryStore.swift in Sources */,
				C579024C27BB8C5D00B4AEAE /* DETimeLogApp.swift in Sources */,
				C53DA20927BF97A800D86A71 /* CategoriesView.swift in Sources */,
				C53C34D627E06FF000D46709 /* FileInserter.swift in Sources */,
				C5B797BB27CCACE5000A1C7C /* EntriesListDetailsView.swift in Sources */,
				C53DA1FC27BF88A000D86A71 /* Category.swift in Sources */,
			);
			runOnlyForDeploymentPostprocessing = 0;
		};
		C579024527BB8C5D00B4AEAE /* Sources */ = {
			isa = PBXSourcesBuildPhase;
			buildActionMask = 2147483647;
			files = (
				C5A1CF3D27C3742600359C6C /* Day.swift in Sources */,
				C579026127BB8CCC00B4AEAE /* Entry.swift in Sources */,
				C579026427BB8CFA00B4AEAE /* FileParser.swift in Sources */,
				C54CFF7E27C0D629009050B9 /* CategoryColorViewStore.swift in Sources */,
				C54CFF7B27C0CA5C009050B9 /* ColorStore.swift in Sources */,
				C586056527DC799F0020E72B /* Month.swift in Sources */,
				C579025C27BB8CA900B4AEAE /* EntryStore.swift in Sources */,
				C53DA20427BF898700D86A71 /* InitialContentView.swift in Sources */,
				C5B797B927CCAA96000A1C7C /* EntriesListView.swift in Sources */,
				C54CFF7827C0C929009050B9 /* Color.swift in Sources */,
				C5F57B1027BE30CC008F3264 /* AppStore.swift in Sources */,
				C53DA20727BF8A5000D86A71 /* SidebarView.swift in Sources */,
				C579024F27BB8C5D00B4AEAE /* ContentView.swift in Sources */,
				C5B9BF9B27E30D1500A67743 /* AddEntryView.swift in Sources */,
				C5B9BF9E27E30DCA00A67743 /* AddEntryStore.swift in Sources */,
				C579024D27BB8C5D00B4AEAE /* DETimeLogApp.swift in Sources */,
				C53DA20A27BF97A800D86A71 /* CategoriesView.swift in Sources */,
				C53C34D727E06FF000D46709 /* FileInserter.swift in Sources */,
				C5B797BC27CCACE5000A1C7C /* EntriesListDetailsView.swift in Sources */,
				C53DA1FD27BF88A000D86A71 /* Category.swift in Sources */,
			);
			runOnlyForDeploymentPostprocessing = 0;
		};
/* End PBXSourcesBuildPhase section */

/* Begin XCBuildConfiguration section */
		C579025227BB8C5D00B4AEAE /* Debug */ = {
			isa = XCBuildConfiguration;
			buildSettings = {
				ALWAYS_SEARCH_USER_PATHS = NO;
				CLANG_ANALYZER_NONNULL = YES;
				CLANG_ANALYZER_NUMBER_OBJECT_CONVERSION = YES_AGGRESSIVE;
				CLANG_CXX_LANGUAGE_STANDARD = "gnu++17";
				CLANG_ENABLE_MODULES = YES;
				CLANG_ENABLE_OBJC_ARC = YES;
				CLANG_ENABLE_OBJC_WEAK = YES;
				CLANG_WARN_BLOCK_CAPTURE_AUTORELEASING = YES;
				CLANG_WARN_BOOL_CONVERSION = YES;
				CLANG_WARN_COMMA = YES;
				CLANG_WARN_CONSTANT_CONVERSION = YES;
				CLANG_WARN_DEPRECATED_OBJC_IMPLEMENTATIONS = YES;
				CLANG_WARN_DIRECT_OBJC_ISA_USAGE = YES_ERROR;
				CLANG_WARN_DOCUMENTATION_COMMENTS = YES;
				CLANG_WARN_EMPTY_BODY = YES;
				CLANG_WARN_ENUM_CONVERSION = YES;
				CLANG_WARN_INFINITE_RECURSION = YES;
				CLANG_WARN_INT_CONVERSION = YES;
				CLANG_WARN_NON_LITERAL_NULL_CONVERSION = YES;
				CLANG_WARN_OBJC_IMPLICIT_RETAIN_SELF = YES;
				CLANG_WARN_OBJC_LITERAL_CONVERSION = YES;
				CLANG_WARN_OBJC_ROOT_CLASS = YES_ERROR;
				CLANG_WARN_QUOTED_INCLUDE_IN_FRAMEWORK_HEADER = YES;
				CLANG_WARN_RANGE_LOOP_ANALYSIS = YES;
				CLANG_WARN_STRICT_PROTOTYPES = YES;
				CLANG_WARN_SUSPICIOUS_MOVE = YES;
				CLANG_WARN_UNGUARDED_AVAILABILITY = YES_AGGRESSIVE;
				CLANG_WARN_UNREACHABLE_CODE = YES;
				CLANG_WARN__DUPLICATE_METHOD_MATCH = YES;
				COPY_PHASE_STRIP = NO;
				DEBUG_INFORMATION_FORMAT = dwarf;
				ENABLE_STRICT_OBJC_MSGSEND = YES;
				ENABLE_TESTABILITY = YES;
				GCC_C_LANGUAGE_STANDARD = gnu11;
				GCC_DYNAMIC_NO_PIC = NO;
				GCC_NO_COMMON_BLOCKS = YES;
				GCC_OPTIMIZATION_LEVEL = 0;
				GCC_PREPROCESSOR_DEFINITIONS = (
					"DEBUG=1",
					"$(inherited)",
				);
				GCC_WARN_64_TO_32_BIT_CONVERSION = YES;
				GCC_WARN_ABOUT_RETURN_TYPE = YES_ERROR;
				GCC_WARN_UNDECLARED_SELECTOR = YES;
				GCC_WARN_UNINITIALIZED_AUTOS = YES_AGGRESSIVE;
				GCC_WARN_UNUSED_FUNCTION = YES;
				GCC_WARN_UNUSED_VARIABLE = YES;
				MTL_ENABLE_DEBUG_INFO = INCLUDE_SOURCE;
				MTL_FAST_MATH = YES;
				ONLY_ACTIVE_ARCH = YES;
				SWIFT_ACTIVE_COMPILATION_CONDITIONS = DEBUG;
				SWIFT_OPTIMIZATION_LEVEL = "-Onone";
			};
			name = Debug;
		};
		C579025327BB8C5D00B4AEAE /* Release */ = {
			isa = XCBuildConfiguration;
			buildSettings = {
				ALWAYS_SEARCH_USER_PATHS = NO;
				CLANG_ANALYZER_NONNULL = YES;
				CLANG_ANALYZER_NUMBER_OBJECT_CONVERSION = YES_AGGRESSIVE;
				CLANG_CXX_LANGUAGE_STANDARD = "gnu++17";
				CLANG_ENABLE_MODULES = YES;
				CLANG_ENABLE_OBJC_ARC = YES;
				CLANG_ENABLE_OBJC_WEAK = YES;
				CLANG_WARN_BLOCK_CAPTURE_AUTORELEASING = YES;
				CLANG_WARN_BOOL_CONVERSION = YES;
				CLANG_WARN_COMMA = YES;
				CLANG_WARN_CONSTANT_CONVERSION = YES;
				CLANG_WARN_DEPRECATED_OBJC_IMPLEMENTATIONS = YES;
				CLANG_WARN_DIRECT_OBJC_ISA_USAGE = YES_ERROR;
				CLANG_WARN_DOCUMENTATION_COMMENTS = YES;
				CLANG_WARN_EMPTY_BODY = YES;
				CLANG_WARN_ENUM_CONVERSION = YES;
				CLANG_WARN_INFINITE_RECURSION = YES;
				CLANG_WARN_INT_CONVERSION = YES;
				CLANG_WARN_NON_LITERAL_NULL_CONVERSION = YES;
				CLANG_WARN_OBJC_IMPLICIT_RETAIN_SELF = YES;
				CLANG_WARN_OBJC_LITERAL_CONVERSION = YES;
				CLANG_WARN_OBJC_ROOT_CLASS = YES_ERROR;
				CLANG_WARN_QUOTED_INCLUDE_IN_FRAMEWORK_HEADER = YES;
				CLANG_WARN_RANGE_LOOP_ANALYSIS = YES;
				CLANG_WARN_STRICT_PROTOTYPES = YES;
				CLANG_WARN_SUSPICIOUS_MOVE = YES;
				CLANG_WARN_UNGUARDED_AVAILABILITY = YES_AGGRESSIVE;
				CLANG_WARN_UNREACHABLE_CODE = YES;
				CLANG_WARN__DUPLICATE_METHOD_MATCH = YES;
				COPY_PHASE_STRIP = NO;
				DEBUG_INFORMATION_FORMAT = "dwarf-with-dsym";
				ENABLE_NS_ASSERTIONS = NO;
				ENABLE_STRICT_OBJC_MSGSEND = YES;
				GCC_C_LANGUAGE_STANDARD = gnu11;
				GCC_NO_COMMON_BLOCKS = YES;
				GCC_WARN_64_TO_32_BIT_CONVERSION = YES;
				GCC_WARN_ABOUT_RETURN_TYPE = YES_ERROR;
				GCC_WARN_UNDECLARED_SELECTOR = YES;
				GCC_WARN_UNINITIALIZED_AUTOS = YES_AGGRESSIVE;
				GCC_WARN_UNUSED_FUNCTION = YES;
				GCC_WARN_UNUSED_VARIABLE = YES;
				MTL_ENABLE_DEBUG_INFO = NO;
				MTL_FAST_MATH = YES;
				SWIFT_COMPILATION_MODE = wholemodule;
				SWIFT_OPTIMIZATION_LEVEL = "-O";
			};
			name = Release;
		};
		C579025527BB8C5D00B4AEAE /* Debug */ = {
			isa = XCBuildConfiguration;
			buildSettings = {
				ASSETCATALOG_COMPILER_APPICON_NAME = AppIcon;
				ASSETCATALOG_COMPILER_GLOBAL_ACCENT_COLOR_NAME = AccentColor;
				CODE_SIGN_STYLE = Automatic;
				CURRENT_PROJECT_VERSION = 1;
				DEVELOPMENT_TEAM = 9E8SXF3Y36;
				ENABLE_PREVIEWS = YES;
				GENERATE_INFOPLIST_FILE = YES;
				INFOPLIST_KEY_UIApplicationSceneManifest_Generation = YES;
				INFOPLIST_KEY_UIApplicationSupportsIndirectInputEvents = YES;
				INFOPLIST_KEY_UILaunchScreen_Generation = YES;
				INFOPLIST_KEY_UISupportedInterfaceOrientations_iPad = "UIInterfaceOrientationPortrait UIInterfaceOrientationPortraitUpsideDown UIInterfaceOrientationLandscapeLeft UIInterfaceOrientationLandscapeRight";
				INFOPLIST_KEY_UISupportedInterfaceOrientations_iPhone = "UIInterfaceOrientationPortrait UIInterfaceOrientationLandscapeLeft UIInterfaceOrientationLandscapeRight";
				IPHONEOS_DEPLOYMENT_TARGET = 15.4;
				LD_RUNPATH_SEARCH_PATHS = (
					"$(inherited)",
					"@executable_path/Frameworks",
				);
				MARKETING_VERSION = 1.0;
				PRODUCT_BUNDLE_IDENTIFIER = co.hartl.DETimeLog;
				PRODUCT_NAME = DETimeLog;
				SDKROOT = iphoneos;
				SWIFT_EMIT_LOC_STRINGS = YES;
				SWIFT_VERSION = 5.0;
				TARGETED_DEVICE_FAMILY = "1,2";
			};
			name = Debug;
		};
		C579025627BB8C5D00B4AEAE /* Release */ = {
			isa = XCBuildConfiguration;
			buildSettings = {
				ASSETCATALOG_COMPILER_APPICON_NAME = AppIcon;
				ASSETCATALOG_COMPILER_GLOBAL_ACCENT_COLOR_NAME = AccentColor;
				CODE_SIGN_STYLE = Automatic;
				CURRENT_PROJECT_VERSION = 1;
				DEVELOPMENT_TEAM = 9E8SXF3Y36;
				ENABLE_PREVIEWS = YES;
				GENERATE_INFOPLIST_FILE = YES;
				INFOPLIST_KEY_UIApplicationSceneManifest_Generation = YES;
				INFOPLIST_KEY_UIApplicationSupportsIndirectInputEvents = YES;
				INFOPLIST_KEY_UILaunchScreen_Generation = YES;
				INFOPLIST_KEY_UISupportedInterfaceOrientations_iPad = "UIInterfaceOrientationPortrait UIInterfaceOrientationPortraitUpsideDown UIInterfaceOrientationLandscapeLeft UIInterfaceOrientationLandscapeRight";
				INFOPLIST_KEY_UISupportedInterfaceOrientations_iPhone = "UIInterfaceOrientationPortrait UIInterfaceOrientationLandscapeLeft UIInterfaceOrientationLandscapeRight";
				IPHONEOS_DEPLOYMENT_TARGET = 15.4;
				LD_RUNPATH_SEARCH_PATHS = (
					"$(inherited)",
					"@executable_path/Frameworks",
				);
				MARKETING_VERSION = 1.0;
				PRODUCT_BUNDLE_IDENTIFIER = co.hartl.DETimeLog;
				PRODUCT_NAME = DETimeLog;
				SDKROOT = iphoneos;
				SWIFT_EMIT_LOC_STRINGS = YES;
				SWIFT_VERSION = 5.0;
				TARGETED_DEVICE_FAMILY = "1,2";
				VALIDATE_PRODUCT = YES;
			};
			name = Release;
		};
		C579025827BB8C5D00B4AEAE /* Debug */ = {
			isa = XCBuildConfiguration;
			buildSettings = {
				ASSETCATALOG_COMPILER_APPICON_NAME = AppIcon;
				ASSETCATALOG_COMPILER_GLOBAL_ACCENT_COLOR_NAME = AccentColor;
				CODE_SIGN_ENTITLEMENTS = macOS/macOS.entitlements;
				CODE_SIGN_STYLE = Automatic;
				COMBINE_HIDPI_IMAGES = YES;
				CURRENT_PROJECT_VERSION = 1;
				DEVELOPMENT_TEAM = 9E8SXF3Y36;
				ENABLE_HARDENED_RUNTIME = YES;
				ENABLE_PREVIEWS = YES;
				GENERATE_INFOPLIST_FILE = YES;
				INFOPLIST_KEY_NSHumanReadableCopyright = "";
				LD_RUNPATH_SEARCH_PATHS = (
					"$(inherited)",
					"@executable_path/../Frameworks",
				);
				MACOSX_DEPLOYMENT_TARGET = 12.1;
				MARKETING_VERSION = 1.0;
				PRODUCT_BUNDLE_IDENTIFIER = co.hartl.DETimeLog;
				PRODUCT_NAME = DETimeLog;
				SDKROOT = macosx;
				SWIFT_EMIT_LOC_STRINGS = YES;
				SWIFT_VERSION = 5.0;
			};
			name = Debug;
		};
		C579025927BB8C5D00B4AEAE /* Release */ = {
			isa = XCBuildConfiguration;
			buildSettings = {
				ASSETCATALOG_COMPILER_APPICON_NAME = AppIcon;
				ASSETCATALOG_COMPILER_GLOBAL_ACCENT_COLOR_NAME = AccentColor;
				CODE_SIGN_ENTITLEMENTS = macOS/macOS.entitlements;
				CODE_SIGN_STYLE = Automatic;
				COMBINE_HIDPI_IMAGES = YES;
				CURRENT_PROJECT_VERSION = 1;
				DEVELOPMENT_TEAM = 9E8SXF3Y36;
				ENABLE_HARDENED_RUNTIME = YES;
				ENABLE_PREVIEWS = YES;
				GENERATE_INFOPLIST_FILE = YES;
				INFOPLIST_KEY_NSHumanReadableCopyright = "";
				LD_RUNPATH_SEARCH_PATHS = (
					"$(inherited)",
					"@executable_path/../Frameworks",
				);
				MACOSX_DEPLOYMENT_TARGET = 12.1;
				MARKETING_VERSION = 1.0;
				PRODUCT_BUNDLE_IDENTIFIER = co.hartl.DETimeLog;
				PRODUCT_NAME = DETimeLog;
				SDKROOT = macosx;
				SWIFT_EMIT_LOC_STRINGS = YES;
				SWIFT_VERSION = 5.0;
			};
			name = Release;
		};
/* End XCBuildConfiguration section */

/* Begin XCConfigurationList section */
		C579023A27BB8C5B00B4AEAE /* Build configuration list for PBXProject "DETimeLog" */ = {
			isa = XCConfigurationList;
			buildConfigurations = (
				C579025227BB8C5D00B4AEAE /* Debug */,
				C579025327BB8C5D00B4AEAE /* Release */,
			);
			defaultConfigurationIsVisible = 0;
			defaultConfigurationName = Release;
		};
		C579025427BB8C5D00B4AEAE /* Build configuration list for PBXNativeTarget "DETimeLog (iOS)" */ = {
			isa = XCConfigurationList;
			buildConfigurations = (
				C579025527BB8C5D00B4AEAE /* Debug */,
				C579025627BB8C5D00B4AEAE /* Release */,
			);
			defaultConfigurationIsVisible = 0;
			defaultConfigurationName = Release;
		};
		C579025727BB8C5D00B4AEAE /* Build configuration list for PBXNativeTarget "DETimeLog (macOS)" */ = {
			isa = XCConfigurationList;
			buildConfigurations = (
				C579025827BB8C5D00B4AEAE /* Debug */,
				C579025927BB8C5D00B4AEAE /* Release */,
			);
			defaultConfigurationIsVisible = 0;
			defaultConfigurationName = Release;
		};
/* End XCConfigurationList section */

/* Begin XCRemoteSwiftPackageReference section */
		C53DA21727BFCE1600D86A71 /* XCRemoteSwiftPackageReference "SwiftUIX" */ = {
			isa = XCRemoteSwiftPackageReference;
			repositoryURL = "https://github.com/SwiftUIX/SwiftUIX";
			requirement = {
				branch = master;
				kind = branch;
			};
		};
		C54CFF6E27C0C704009050B9 /* XCRemoteSwiftPackageReference "ViewStore" */ = {
			isa = XCRemoteSwiftPackageReference;
			repositoryURL = "https://github.com/hartlco/ViewStore";
			requirement = {
				branch = main;
				kind = branch;
			};
		};
/* End XCRemoteSwiftPackageReference section */

/* Begin XCSwiftPackageProductDependency section */
		C53DA21827BFCE1600D86A71 /* SwiftUIX */ = {
			isa = XCSwiftPackageProductDependency;
			package = C53DA21727BFCE1600D86A71 /* XCRemoteSwiftPackageReference "SwiftUIX" */;
			productName = SwiftUIX;
		};
		C53DA21B27BFCEB300D86A71 /* SwiftUIX */ = {
			isa = XCSwiftPackageProductDependency;
			package = C53DA21727BFCE1600D86A71 /* XCRemoteSwiftPackageReference "SwiftUIX" */;
			productName = SwiftUIX;
		};
		C54CFF6F27C0C704009050B9 /* ViewStore */ = {
			isa = XCSwiftPackageProductDependency;
			package = C54CFF6E27C0C704009050B9 /* XCRemoteSwiftPackageReference "ViewStore" */;
			productName = ViewStore;
		};
		C54CFF7127C0C723009050B9 /* ViewStore */ = {
			isa = XCSwiftPackageProductDependency;
			package = C54CFF6E27C0C704009050B9 /* XCRemoteSwiftPackageReference "ViewStore" */;
			productName = ViewStore;
		};
/* End XCSwiftPackageProductDependency section */
	};
	rootObject = C579023727BB8C5B00B4AEAE /* Project object */;
}
